
Microsoft Visual Studio Solution File, Format Version 12.00
# Visual Studio Version 17
VisualStudioVersion = 17.13.35919.96
MinimumVisualStudioVersion = 10.0.40219.1
Project("{FAE04EC0-301F-11D3-BF4B-00C04F79EFBC}") = "Link.Core", "src\Link.Core\Link.Core.csproj", "{A923E965-CDCC-48C6-A089-AA5775F48858}"
EndProject
Project("{FAE04EC0-301F-11D3-BF4B-00C04F79EFBC}") = "wrap", "src\wrap\wrap.csproj", "{AC86836B-0A69-436E-9646-4467684049EA}"
EndProject
Project("{FAE04EC0-301F-11D3-BF4B-00C04F79EFBC}") = "toUpperCase", "src\toUpperCase\toUpperCase.csproj", "{098AB075-2DA7-44B7-B392-E2CF32328D6D}"
EndProject
Project("{FAE04EC0-301F-11D3-BF4B-00C04F79EFBC}") = "toLowerCase", "src\toLowerCase\toLowerCase.csproj", "{AA4723D7-5E9D-422D-8714-EBE7AB5CB6F0}"
EndProject
Project("{FAE04EC0-301F-11D3-BF4B-00C04F79EFBC}") = "throttle", "src\throttle\throttle.csproj", "{7A08D70B-3543-457B-975E-F5DA1E7E17DC}"
EndProject
Project("{FAE04EC0-301F-11D3-BF4B-00C04F79EFBC}") = "takeWhile", "src\takeWhile\takeWhile.csproj", "{E4430716-6966-4CB5-A1AF-DF7768E160A0}"
EndProject
Project("{FAE04EC0-301F-11D3-BF4B-00C04F79EFBC}") = "takeUntil", "src\takeUntil\takeUntil.csproj", "{83295C08-60CF-4FF3-B8B2-26ABB61F19A8}"
EndProject
Project("{FAE04EC0-301F-11D3-BF4B-00C04F79EFBC}") = "takeLast", "src\takeLast\takeLast.csproj", "{1BA3EB92-4822-4B4D-B4B4-CF7C8727B5CE}"
EndProject
Project("{FAE04EC0-301F-11D3-BF4B-00C04F79EFBC}") = "takeFirst", "src\takeFirst\takeFirst.csproj", "{C480224A-53EE-4536-89FE-B335C138ADE6}"
EndProject
Project("{FAE04EC0-301F-11D3-BF4B-00C04F79EFBC}") = "take", "src\take\take.csproj", "{20F9B841-F6EE-420E-806E-EC02AB55A9AC}"
EndProject
Project("{FAE04EC0-301F-11D3-BF4B-00C04F79EFBC}") = "substitute", "src\substitute\substitute.csproj", "{E57B51DE-C663-4227-A9C1-7706A5C65569}"
EndProject
Project("{FAE04EC0-301F-11D3-BF4B-00C04F79EFBC}") = "startsWith", "src\startsWith\startsWith.csproj", "{669502F3-4315-452F-9B5C-66D1441C750A}"
EndProject
Project("{FAE04EC0-301F-11D3-BF4B-00C04F79EFBC}") = "split", "src\split\split.csproj", "{283F8AB7-859E-4F52-9C78-9A3D1D0C6ED9}"
EndProject
Project("{FAE04EC0-301F-11D3-BF4B-00C04F79EFBC}") = "soak", "src\soak\soak.csproj", "{BD2F5BAC-926D-4D18-995F-CA4221FD51A2}"
EndProject
Project("{FAE04EC0-301F-11D3-BF4B-00C04F79EFBC}") = "slice", "src\slice\slice.csproj", "{C3EC5EA6-C321-46A5-80B1-02079CA45303}"
EndProject
Project("{FAE04EC0-301F-11D3-BF4B-00C04F79EFBC}") = "skipWhile", "src\skipWhile\skipWhile.csproj", "{530E6B7D-87D2-4762-828F-62E0495292EF}"
EndProject
Project("{FAE04EC0-301F-11D3-BF4B-00C04F79EFBC}") = "skipUntil", "src\skipUntil\skipUntil.csproj", "{183783EE-6368-4D21-8C2F-BBE802E2C1BD}"
EndProject
Project("{FAE04EC0-301F-11D3-BF4B-00C04F79EFBC}") = "skipLast", "src\skipLast\skipLast.csproj", "{511F875E-933F-41B1-96B3-971F6841034F}"
EndProject
Project("{FAE04EC0-301F-11D3-BF4B-00C04F79EFBC}") = "skipFirst", "src\skipFirst\skipFirst.csproj", "{EEA9993B-074C-476E-AE1C-2EE46CF95057}"
EndProject
Project("{FAE04EC0-301F-11D3-BF4B-00C04F79EFBC}") = "skip", "src\skip\skip.csproj", "{AA84B52B-7A47-4B7A-A0CA-9C4A229A7E10}"
EndProject
Project("{FAE04EC0-301F-11D3-BF4B-00C04F79EFBC}") = "shuffle", "src\shuffle\shuffle.csproj", "{CC4C3228-45F0-40D3-B62B-45D89D97D6F5}"
EndProject
Project("{FAE04EC0-301F-11D3-BF4B-00C04F79EFBC}") = "serialize", "src\serialize\serialize.csproj", "{BDFBB61B-6901-45E4-B8E7-F246BAAD2702}"
EndProject
Project("{FAE04EC0-301F-11D3-BF4B-00C04F79EFBC}") = "reverse", "src\reverse\reverse.csproj", "{B4B1A2A2-ED8E-4D1E-AD53-F898231EF531}"
EndProject
Project("{FAE04EC0-301F-11D3-BF4B-00C04F79EFBC}") = "repeat", "src\repeat\repeat.csproj", "{98730B59-8FA1-4269-905E-7EF5EF782860}"
EndProject
Project("{FAE04EC0-301F-11D3-BF4B-00C04F79EFBC}") = "reorder", "src\reorder\reorder.csproj", "{DEF75623-2814-47F9-9F2A-94310DE9ED4D}"
EndProject
Project("{FAE04EC0-301F-11D3-BF4B-00C04F79EFBC}") = "renFiles", "src\renFiles\renFiles.csproj", "{93F5593B-291F-4860-8231-C7433AB66CBA}"
EndProject
Project("{FAE04EC0-301F-11D3-BF4B-00C04F79EFBC}") = "remove", "src\remove\remove.csproj", "{8DAE2AE5-F2D3-4018-8EA3-064A198B4BD2}"
EndProject
Project("{FAE04EC0-301F-11D3-BF4B-00C04F79EFBC}") = "relativePaths", "src\relativePaths\relativePaths.csproj", "{C4CD0CE4-3C0F-47BA-9222-45119F2FECDB}"
EndProject
Project("{FAE04EC0-301F-11D3-BF4B-00C04F79EFBC}") = "range", "src\range\range.csproj", "{B1F0FF89-902B-4463-AB17-1168A8893B00}"
EndProject
Project("{FAE04EC0-301F-11D3-BF4B-00C04F79EFBC}") = "randomizeCase", "src\randomizeCase\randomizeCase.csproj", "{E508AA9D-65F2-4CCD-B9C7-7821E5478C81}"
EndProject
Project("{FAE04EC0-301F-11D3-BF4B-00C04F79EFBC}") = "putWhen", "src\putWhen\putWhen.csproj", "{F9A751E8-354C-4572-BD3E-773651111E81}"
EndProject
Project("{FAE04EC0-301F-11D3-BF4B-00C04F79EFBC}") = "putLast", "src\putLast\putLast.csproj", "{2EF21DE9-B592-4BF0-860F-FE7E112E2802}"
EndProject
Project("{FAE04EC0-301F-11D3-BF4B-00C04F79EFBC}") = "putFirst", "src\putFirst\putFirst.csproj", "{63C53177-C125-4034-8407-79DD27DC266A}"
EndProject
Project("{FAE04EC0-301F-11D3-BF4B-00C04F79EFBC}") = "putAt", "src\putAt\putAt.csproj", "{693EEF19-CBBC-4A57-B020-C195E60B9EFB}"
EndProject
Project("{FAE04EC0-301F-11D3-BF4B-00C04F79EFBC}") = "project", "src\project\project.csproj", "{47355607-31B6-4CC4-882A-5FABC4BD2C3C}"
EndProject
Project("{FAE04EC0-301F-11D3-BF4B-00C04F79EFBC}") = "prepend", "src\prepend\prepend.csproj", "{F697633F-593D-4594-A871-F1F045D2D1F8}"
EndProject
Project("{FAE04EC0-301F-11D3-BF4B-00C04F79EFBC}") = "pathsDate", "src\pathsDate\pathsDate.csproj", "{5982FAC1-CF75-466A-9ED4-3724119254F5}"
EndProject
Project("{FAE04EC0-301F-11D3-BF4B-00C04F79EFBC}") = "padStart", "src\padStart\padStart.csproj", "{BE77325B-399D-46A4-8E7E-F76063066E36}"
EndProject
Project("{FAE04EC0-301F-11D3-BF4B-00C04F79EFBC}") = "padEnd", "src\padEnd\padEnd.csproj", "{F17E998D-3642-4E3D-9D44-587ABCF869B7}"
EndProject
Project("{FAE04EC0-301F-11D3-BF4B-00C04F79EFBC}") = "moveToDir", "src\moveToDir\moveToDir.csproj", "{818D172F-EB99-48DE-A50C-BEEDEED0EA48}"
EndProject
Project("{FAE04EC0-301F-11D3-BF4B-00C04F79EFBC}") = "min", "src\min\min.csproj", "{E145B4D3-3EF7-4BF0-ADAA-80A9E027D203}"
EndProject
Project("{FAE04EC0-301F-11D3-BF4B-00C04F79EFBC}") = "merge", "src\merge\merge.csproj", "{E5DEF5A3-42F0-49CB-92BA-EB8DA4DB8805}"
EndProject
Project("{FAE04EC0-301F-11D3-BF4B-00C04F79EFBC}") = "max", "src\max\max.csproj", "{E7DD862B-D11C-44C7-AF79-AD1A0F585749}"
EndProject
Project("{FAE04EC0-301F-11D3-BF4B-00C04F79EFBC}") = "length", "src\length\length.csproj", "{29DD68D9-1866-4B75-9746-4078B4048E23}"
EndProject
Project("{FAE04EC0-301F-11D3-BF4B-00C04F79EFBC}") = "join", "src\join\join.csproj", "{44617F37-2601-4B6A-9562-8921796E6754}"
EndProject
Project("{FAE04EC0-301F-11D3-BF4B-00C04F79EFBC}") = "insert", "src\insert\insert.csproj", "{D395D7D9-5AF8-4D07-8796-C74DDD73EED6}"
EndProject
Project("{FAE04EC0-301F-11D3-BF4B-00C04F79EFBC}") = "groupBy", "src\groupBy\groupBy.csproj", "{8A8820C5-C8FB-45E1-81C7-564B0C6BDA0D}"
EndProject
Project("{FAE04EC0-301F-11D3-BF4B-00C04F79EFBC}") = "fullPaths", "src\fullPaths\fullPaths.csproj", "{25722106-E43C-4CDA-B33A-D2311C1BE1CD}"
EndProject
Project("{FAE04EC0-301F-11D3-BF4B-00C04F79EFBC}") = "filesSize", "src\filesSize\filesSize.csproj", "{383CC65C-01B3-40D3-AF19-463C5CB2E009}"
EndProject
Project("{FAE04EC0-301F-11D3-BF4B-00C04F79EFBC}") = "filesName", "src\filesName\filesName.csproj", "{BB11045E-98A3-4D00-898E-7138993798ED}"
EndProject
Project("{FAE04EC0-301F-11D3-BF4B-00C04F79EFBC}") = "filesExt", "src\filesExt\filesExt.csproj", "{0A4277EF-E7FA-49C1-A1FD-A3AF845D8DF8}"
EndProject
Project("{FAE04EC0-301F-11D3-BF4B-00C04F79EFBC}") = "enumFiles", "src\enumFiles\enumFiles.csproj", "{90E76B6E-55C8-4597-8641-4A318BF58788}"
EndProject
Project("{FAE04EC0-301F-11D3-BF4B-00C04F79EFBC}") = "enumDirs", "src\enumDirs\enumDirs.csproj", "{0836514A-164B-451E-B709-F922B6C95F08}"
EndProject
Project("{FAE04EC0-301F-11D3-BF4B-00C04F79EFBC}") = "endsWith", "src\endsWith\endsWith.csproj", "{E89A6AEF-B078-4ACA-A060-23A1A85FD01D}"
EndProject
Project("{FAE04EC0-301F-11D3-BF4B-00C04F79EFBC}") = "emit", "src\emit\emit.csproj", "{46799E43-D655-403C-8B76-BEDE0EB021DC}"
EndProject
Project("{FAE04EC0-301F-11D3-BF4B-00C04F79EFBC}") = "dump", "src\dump\dump.csproj", "{2D2CFE7B-8932-4B6B-94B1-27BA57E38848}"
EndProject
Project("{FAE04EC0-301F-11D3-BF4B-00C04F79EFBC}") = "distinct", "src\distinct\distinct.csproj", "{C80448CC-97BA-4D83-9335-14A469BF6CB4}"
EndProject
Project("{FAE04EC0-301F-11D3-BF4B-00C04F79EFBC}") = "dirsSize", "src\dirsSize\dirsSize.csproj", "{E9327A91-A287-410A-A2CA-BB2A4C005F6F}"
EndProject
Project("{FAE04EC0-301F-11D3-BF4B-00C04F79EFBC}") = "dirsName", "src\dirsName\dirsName.csproj", "{1804302F-5356-4BBB-A73A-690A47DAF995}"
EndProject
Project("{FAE04EC0-301F-11D3-BF4B-00C04F79EFBC}") = "delFiles", "src\delFiles\delFiles.csproj", "{6CA28E18-4541-41FF-A2F8-A64FAACE4A22}"
EndProject
Project("{FAE04EC0-301F-11D3-BF4B-00C04F79EFBC}") = "delDirs", "src\delDirs\delDirs.csproj", "{AE30D386-1699-4052-B992-456B7645B375}"
EndProject
Project("{FAE04EC0-301F-11D3-BF4B-00C04F79EFBC}") = "createDirs", "src\createDirs\createDirs.csproj", "{3B4EE944-3CDF-495C-8649-E89970D69FA1}"
EndProject
Project("{FAE04EC0-301F-11D3-BF4B-00C04F79EFBC}") = "countFrq", "src\countFrq\countFrq.csproj", "{5A180E7A-D62D-4436-A532-BA5940B9EFED}"
EndProject
Project("{FAE04EC0-301F-11D3-BF4B-00C04F79EFBC}") = "count", "src\count\count.csproj", "{7AF9B323-F822-46C7-87E9-7F185768B88D}"
EndProject
Project("{FAE04EC0-301F-11D3-BF4B-00C04F79EFBC}") = "copyToDir", "src\copyToDir\copyToDir.csproj", "{34DF36DE-C424-4E74-A6C3-6A4362183002}"
EndProject
Project("{FAE04EC0-301F-11D3-BF4B-00C04F79EFBC}") = "copyFiles", "src\copyFiles\copyFiles.csproj", "{8316E442-41CA-4FAD-AACF-D500C87F2A34}"
EndProject
Project("{FAE04EC0-301F-11D3-BF4B-00C04F79EFBC}") = "append", "src\append\append.csproj", "{7A19B109-EF04-4960-9955-0D0FFEA18F7C}"
EndProject
Project("{FAE04EC0-301F-11D3-BF4B-00C04F79EFBC}") = "about", "src\about\about.csproj", "{7149A310-1428-4C15-8F46-E4AE405E5D93}"
EndProject
Global
	GlobalSection(SolutionConfigurationPlatforms) = preSolution
		Debug|Any CPU = Debug|Any CPU
		Release|Any CPU = Release|Any CPU
	EndGlobalSection
	GlobalSection(ProjectConfigurationPlatforms) = postSolution
		{A923E965-CDCC-48C6-A089-AA5775F48858}.Debug|Any CPU.ActiveCfg = Debug|Any CPU
		{A923E965-CDCC-48C6-A089-AA5775F48858}.Debug|Any CPU.Build.0 = Debug|Any CPU
		{A923E965-CDCC-48C6-A089-AA5775F48858}.Release|Any CPU.ActiveCfg = Release|Any CPU
		{A923E965-CDCC-48C6-A089-AA5775F48858}.Release|Any CPU.Build.0 = Release|Any CPU
		{AC86836B-0A69-436E-9646-4467684049EA}.Debug|Any CPU.ActiveCfg = Debug|Any CPU
		{AC86836B-0A69-436E-9646-4467684049EA}.Debug|Any CPU.Build.0 = Debug|Any CPU
		{AC86836B-0A69-436E-9646-4467684049EA}.Release|Any CPU.ActiveCfg = Release|Any CPU
		{AC86836B-0A69-436E-9646-4467684049EA}.Release|Any CPU.Build.0 = Release|Any CPU
		{098AB075-2DA7-44B7-B392-E2CF32328D6D}.Debug|Any CPU.ActiveCfg = Debug|Any CPU
		{098AB075-2DA7-44B7-B392-E2CF32328D6D}.Debug|Any CPU.Build.0 = Debug|Any CPU
		{098AB075-2DA7-44B7-B392-E2CF32328D6D}.Release|Any CPU.ActiveCfg = Release|Any CPU
		{098AB075-2DA7-44B7-B392-E2CF32328D6D}.Release|Any CPU.Build.0 = Release|Any CPU
		{AA4723D7-5E9D-422D-8714-EBE7AB5CB6F0}.Debug|Any CPU.ActiveCfg = Debug|Any CPU
		{AA4723D7-5E9D-422D-8714-EBE7AB5CB6F0}.Debug|Any CPU.Build.0 = Debug|Any CPU
		{AA4723D7-5E9D-422D-8714-EBE7AB5CB6F0}.Release|Any CPU.ActiveCfg = Release|Any CPU
		{AA4723D7-5E9D-422D-8714-EBE7AB5CB6F0}.Release|Any CPU.Build.0 = Release|Any CPU
		{7A08D70B-3543-457B-975E-F5DA1E7E17DC}.Debug|Any CPU.ActiveCfg = Debug|Any CPU
		{7A08D70B-3543-457B-975E-F5DA1E7E17DC}.Debug|Any CPU.Build.0 = Debug|Any CPU
		{7A08D70B-3543-457B-975E-F5DA1E7E17DC}.Release|Any CPU.ActiveCfg = Release|Any CPU
		{7A08D70B-3543-457B-975E-F5DA1E7E17DC}.Release|Any CPU.Build.0 = Release|Any CPU
		{E4430716-6966-4CB5-A1AF-DF7768E160A0}.Debug|Any CPU.ActiveCfg = Debug|Any CPU
		{E4430716-6966-4CB5-A1AF-DF7768E160A0}.Debug|Any CPU.Build.0 = Debug|Any CPU
		{E4430716-6966-4CB5-A1AF-DF7768E160A0}.Release|Any CPU.ActiveCfg = Release|Any CPU
		{E4430716-6966-4CB5-A1AF-DF7768E160A0}.Release|Any CPU.Build.0 = Release|Any CPU
		{83295C08-60CF-4FF3-B8B2-26ABB61F19A8}.Debug|Any CPU.ActiveCfg = Debug|Any CPU
		{83295C08-60CF-4FF3-B8B2-26ABB61F19A8}.Debug|Any CPU.Build.0 = Debug|Any CPU
		{83295C08-60CF-4FF3-B8B2-26ABB61F19A8}.Release|Any CPU.ActiveCfg = Release|Any CPU
		{83295C08-60CF-4FF3-B8B2-26ABB61F19A8}.Release|Any CPU.Build.0 = Release|Any CPU
		{1BA3EB92-4822-4B4D-B4B4-CF7C8727B5CE}.Debug|Any CPU.ActiveCfg = Debug|Any CPU
		{1BA3EB92-4822-4B4D-B4B4-CF7C8727B5CE}.Debug|Any CPU.Build.0 = Debug|Any CPU
		{1BA3EB92-4822-4B4D-B4B4-CF7C8727B5CE}.Release|Any CPU.ActiveCfg = Release|Any CPU
		{1BA3EB92-4822-4B4D-B4B4-CF7C8727B5CE}.Release|Any CPU.Build.0 = Release|Any CPU
		{C480224A-53EE-4536-89FE-B335C138ADE6}.Debug|Any CPU.ActiveCfg = Debug|Any CPU
		{C480224A-53EE-4536-89FE-B335C138ADE6}.Debug|Any CPU.Build.0 = Debug|Any CPU
		{C480224A-53EE-4536-89FE-B335C138ADE6}.Release|Any CPU.ActiveCfg = Release|Any CPU
		{C480224A-53EE-4536-89FE-B335C138ADE6}.Release|Any CPU.Build.0 = Release|Any CPU
		{20F9B841-F6EE-420E-806E-EC02AB55A9AC}.Debug|Any CPU.ActiveCfg = Debug|Any CPU
		{20F9B841-F6EE-420E-806E-EC02AB55A9AC}.Debug|Any CPU.Build.0 = Debug|Any CPU
		{20F9B841-F6EE-420E-806E-EC02AB55A9AC}.Release|Any CPU.ActiveCfg = Release|Any CPU
		{20F9B841-F6EE-420E-806E-EC02AB55A9AC}.Release|Any CPU.Build.0 = Release|Any CPU
		{E57B51DE-C663-4227-A9C1-7706A5C65569}.Debug|Any CPU.ActiveCfg = Debug|Any CPU
		{E57B51DE-C663-4227-A9C1-7706A5C65569}.Debug|Any CPU.Build.0 = Debug|Any CPU
		{E57B51DE-C663-4227-A9C1-7706A5C65569}.Release|Any CPU.ActiveCfg = Release|Any CPU
		{E57B51DE-C663-4227-A9C1-7706A5C65569}.Release|Any CPU.Build.0 = Release|Any CPU
		{669502F3-4315-452F-9B5C-66D1441C750A}.Debug|Any CPU.ActiveCfg = Debug|Any CPU
		{669502F3-4315-452F-9B5C-66D1441C750A}.Debug|Any CPU.Build.0 = Debug|Any CPU
		{669502F3-4315-452F-9B5C-66D1441C750A}.Release|Any CPU.ActiveCfg = Release|Any CPU
		{669502F3-4315-452F-9B5C-66D1441C750A}.Release|Any CPU.Build.0 = Release|Any CPU
		{283F8AB7-859E-4F52-9C78-9A3D1D0C6ED9}.Debug|Any CPU.ActiveCfg = Debug|Any CPU
		{283F8AB7-859E-4F52-9C78-9A3D1D0C6ED9}.Debug|Any CPU.Build.0 = Debug|Any CPU
		{283F8AB7-859E-4F52-9C78-9A3D1D0C6ED9}.Release|Any CPU.ActiveCfg = Release|Any CPU
		{283F8AB7-859E-4F52-9C78-9A3D1D0C6ED9}.Release|Any CPU.Build.0 = Release|Any CPU
		{BD2F5BAC-926D-4D18-995F-CA4221FD51A2}.Debug|Any CPU.ActiveCfg = Debug|Any CPU
		{BD2F5BAC-926D-4D18-995F-CA4221FD51A2}.Debug|Any CPU.Build.0 = Debug|Any CPU
		{BD2F5BAC-926D-4D18-995F-CA4221FD51A2}.Release|Any CPU.ActiveCfg = Release|Any CPU
		{BD2F5BAC-926D-4D18-995F-CA4221FD51A2}.Release|Any CPU.Build.0 = Release|Any CPU
		{C3EC5EA6-C321-46A5-80B1-02079CA45303}.Debug|Any CPU.ActiveCfg = Debug|Any CPU
		{C3EC5EA6-C321-46A5-80B1-02079CA45303}.Debug|Any CPU.Build.0 = Debug|Any CPU
		{C3EC5EA6-C321-46A5-80B1-02079CA45303}.Release|Any CPU.ActiveCfg = Release|Any CPU
		{C3EC5EA6-C321-46A5-80B1-02079CA45303}.Release|Any CPU.Build.0 = Release|Any CPU
		{530E6B7D-87D2-4762-828F-62E0495292EF}.Debug|Any CPU.ActiveCfg = Debug|Any CPU
		{530E6B7D-87D2-4762-828F-62E0495292EF}.Debug|Any CPU.Build.0 = Debug|Any CPU
		{530E6B7D-87D2-4762-828F-62E0495292EF}.Release|Any CPU.ActiveCfg = Release|Any CPU
		{530E6B7D-87D2-4762-828F-62E0495292EF}.Release|Any CPU.Build.0 = Release|Any CPU
		{183783EE-6368-4D21-8C2F-BBE802E2C1BD}.Debug|Any CPU.ActiveCfg = Debug|Any CPU
		{183783EE-6368-4D21-8C2F-BBE802E2C1BD}.Debug|Any CPU.Build.0 = Debug|Any CPU
		{183783EE-6368-4D21-8C2F-BBE802E2C1BD}.Release|Any CPU.ActiveCfg = Release|Any CPU
		{183783EE-6368-4D21-8C2F-BBE802E2C1BD}.Release|Any CPU.Build.0 = Release|Any CPU
		{511F875E-933F-41B1-96B3-971F6841034F}.Debug|Any CPU.ActiveCfg = Debug|Any CPU
		{511F875E-933F-41B1-96B3-971F6841034F}.Debug|Any CPU.Build.0 = Debug|Any CPU
		{511F875E-933F-41B1-96B3-971F6841034F}.Release|Any CPU.ActiveCfg = Release|Any CPU
		{511F875E-933F-41B1-96B3-971F6841034F}.Release|Any CPU.Build.0 = Release|Any CPU
		{EEA9993B-074C-476E-AE1C-2EE46CF95057}.Debug|Any CPU.ActiveCfg = Debug|Any CPU
		{EEA9993B-074C-476E-AE1C-2EE46CF95057}.Debug|Any CPU.Build.0 = Debug|Any CPU
		{EEA9993B-074C-476E-AE1C-2EE46CF95057}.Release|Any CPU.ActiveCfg = Release|Any CPU
		{EEA9993B-074C-476E-AE1C-2EE46CF95057}.Release|Any CPU.Build.0 = Release|Any CPU
		{AA84B52B-7A47-4B7A-A0CA-9C4A229A7E10}.Debug|Any CPU.ActiveCfg = Debug|Any CPU
		{AA84B52B-7A47-4B7A-A0CA-9C4A229A7E10}.Debug|Any CPU.Build.0 = Debug|Any CPU
		{AA84B52B-7A47-4B7A-A0CA-9C4A229A7E10}.Release|Any CPU.ActiveCfg = Release|Any CPU
		{AA84B52B-7A47-4B7A-A0CA-9C4A229A7E10}.Release|Any CPU.Build.0 = Release|Any CPU
		{CC4C3228-45F0-40D3-B62B-45D89D97D6F5}.Debug|Any CPU.ActiveCfg = Debug|Any CPU
		{CC4C3228-45F0-40D3-B62B-45D89D97D6F5}.Debug|Any CPU.Build.0 = Debug|Any CPU
		{CC4C3228-45F0-40D3-B62B-45D89D97D6F5}.Release|Any CPU.ActiveCfg = Release|Any CPU
		{CC4C3228-45F0-40D3-B62B-45D89D97D6F5}.Release|Any CPU.Build.0 = Release|Any CPU
		{BDFBB61B-6901-45E4-B8E7-F246BAAD2702}.Debug|Any CPU.ActiveCfg = Debug|Any CPU
		{BDFBB61B-6901-45E4-B8E7-F246BAAD2702}.Debug|Any CPU.Build.0 = Debug|Any CPU
		{BDFBB61B-6901-45E4-B8E7-F246BAAD2702}.Release|Any CPU.ActiveCfg = Release|Any CPU
		{BDFBB61B-6901-45E4-B8E7-F246BAAD2702}.Release|Any CPU.Build.0 = Release|Any CPU
		{B4B1A2A2-ED8E-4D1E-AD53-F898231EF531}.Debug|Any CPU.ActiveCfg = Debug|Any CPU
		{B4B1A2A2-ED8E-4D1E-AD53-F898231EF531}.Debug|Any CPU.Build.0 = Debug|Any CPU
		{B4B1A2A2-ED8E-4D1E-AD53-F898231EF531}.Release|Any CPU.ActiveCfg = Release|Any CPU
		{B4B1A2A2-ED8E-4D1E-AD53-F898231EF531}.Release|Any CPU.Build.0 = Release|Any CPU
		{98730B59-8FA1-4269-905E-7EF5EF782860}.Debug|Any CPU.ActiveCfg = Debug|Any CPU
		{98730B59-8FA1-4269-905E-7EF5EF782860}.Debug|Any CPU.Build.0 = Debug|Any CPU
		{98730B59-8FA1-4269-905E-7EF5EF782860}.Release|Any CPU.ActiveCfg = Release|Any CPU
		{98730B59-8FA1-4269-905E-7EF5EF782860}.Release|Any CPU.Build.0 = Release|Any CPU
		{DEF75623-2814-47F9-9F2A-94310DE9ED4D}.Debug|Any CPU.ActiveCfg = Debug|Any CPU
		{DEF75623-2814-47F9-9F2A-94310DE9ED4D}.Debug|Any CPU.Build.0 = Debug|Any CPU
		{DEF75623-2814-47F9-9F2A-94310DE9ED4D}.Release|Any CPU.ActiveCfg = Release|Any CPU
		{DEF75623-2814-47F9-9F2A-94310DE9ED4D}.Release|Any CPU.Build.0 = Release|Any CPU
		{93F5593B-291F-4860-8231-C7433AB66CBA}.Debug|Any CPU.ActiveCfg = Debug|Any CPU
		{93F5593B-291F-4860-8231-C7433AB66CBA}.Debug|Any CPU.Build.0 = Debug|Any CPU
		{93F5593B-291F-4860-8231-C7433AB66CBA}.Release|Any CPU.ActiveCfg = Release|Any CPU
		{93F5593B-291F-4860-8231-C7433AB66CBA}.Release|Any CPU.Build.0 = Release|Any CPU
		{8DAE2AE5-F2D3-4018-8EA3-064A198B4BD2}.Debug|Any CPU.ActiveCfg = Debug|Any CPU
		{8DAE2AE5-F2D3-4018-8EA3-064A198B4BD2}.Debug|Any CPU.Build.0 = Debug|Any CPU
		{8DAE2AE5-F2D3-4018-8EA3-064A198B4BD2}.Release|Any CPU.ActiveCfg = Release|Any CPU
		{8DAE2AE5-F2D3-4018-8EA3-064A198B4BD2}.Release|Any CPU.Build.0 = Release|Any CPU
		{C4CD0CE4-3C0F-47BA-9222-45119F2FECDB}.Debug|Any CPU.ActiveCfg = Debug|Any CPU
		{C4CD0CE4-3C0F-47BA-9222-45119F2FECDB}.Debug|Any CPU.Build.0 = Debug|Any CPU
		{C4CD0CE4-3C0F-47BA-9222-45119F2FECDB}.Release|Any CPU.ActiveCfg = Release|Any CPU
		{C4CD0CE4-3C0F-47BA-9222-45119F2FECDB}.Release|Any CPU.Build.0 = Release|Any CPU
		{B1F0FF89-902B-4463-AB17-1168A8893B00}.Debug|Any CPU.ActiveCfg = Debug|Any CPU
		{B1F0FF89-902B-4463-AB17-1168A8893B00}.Debug|Any CPU.Build.0 = Debug|Any CPU
		{B1F0FF89-902B-4463-AB17-1168A8893B00}.Release|Any CPU.ActiveCfg = Release|Any CPU
		{B1F0FF89-902B-4463-AB17-1168A8893B00}.Release|Any CPU.Build.0 = Release|Any CPU
		{E508AA9D-65F2-4CCD-B9C7-7821E5478C81}.Debug|Any CPU.ActiveCfg = Debug|Any CPU
		{E508AA9D-65F2-4CCD-B9C7-7821E5478C81}.Debug|Any CPU.Build.0 = Debug|Any CPU
		{E508AA9D-65F2-4CCD-B9C7-7821E5478C81}.Release|Any CPU.ActiveCfg = Release|Any CPU
		{E508AA9D-65F2-4CCD-B9C7-7821E5478C81}.Release|Any CPU.Build.0 = Release|Any CPU
		{F9A751E8-354C-4572-BD3E-773651111E81}.Debug|Any CPU.ActiveCfg = Debug|Any CPU
		{F9A751E8-354C-4572-BD3E-773651111E81}.Debug|Any CPU.Build.0 = Debug|Any CPU
		{F9A751E8-354C-4572-BD3E-773651111E81}.Release|Any CPU.ActiveCfg = Release|Any CPU
		{F9A751E8-354C-4572-BD3E-773651111E81}.Release|Any CPU.Build.0 = Release|Any CPU
		{2EF21DE9-B592-4BF0-860F-FE7E112E2802}.Debug|Any CPU.ActiveCfg = Debug|Any CPU
		{2EF21DE9-B592-4BF0-860F-FE7E112E2802}.Debug|Any CPU.Build.0 = Debug|Any CPU
		{2EF21DE9-B592-4BF0-860F-FE7E112E2802}.Release|Any CPU.ActiveCfg = Release|Any CPU
		{2EF21DE9-B592-4BF0-860F-FE7E112E2802}.Release|Any CPU.Build.0 = Release|Any CPU
		{63C53177-C125-4034-8407-79DD27DC266A}.Debug|Any CPU.ActiveCfg = Debug|Any CPU
		{63C53177-C125-4034-8407-79DD27DC266A}.Debug|Any CPU.Build.0 = Debug|Any CPU
		{63C53177-C125-4034-8407-79DD27DC266A}.Release|Any CPU.ActiveCfg = Release|Any CPU
		{63C53177-C125-4034-8407-79DD27DC266A}.Release|Any CPU.Build.0 = Release|Any CPU
		{693EEF19-CBBC-4A57-B020-C195E60B9EFB}.Debug|Any CPU.ActiveCfg = Debug|Any CPU
		{693EEF19-CBBC-4A57-B020-C195E60B9EFB}.Debug|Any CPU.Build.0 = Debug|Any CPU
		{693EEF19-CBBC-4A57-B020-C195E60B9EFB}.Release|Any CPU.ActiveCfg = Release|Any CPU
		{693EEF19-CBBC-4A57-B020-C195E60B9EFB}.Release|Any CPU.Build.0 = Release|Any CPU
		{47355607-31B6-4CC4-882A-5FABC4BD2C3C}.Debug|Any CPU.ActiveCfg = Debug|Any CPU
		{47355607-31B6-4CC4-882A-5FABC4BD2C3C}.Debug|Any CPU.Build.0 = Debug|Any CPU
		{47355607-31B6-4CC4-882A-5FABC4BD2C3C}.Release|Any CPU.ActiveCfg = Release|Any CPU
		{47355607-31B6-4CC4-882A-5FABC4BD2C3C}.Release|Any CPU.Build.0 = Release|Any CPU
		{F697633F-593D-4594-A871-F1F045D2D1F8}.Debug|Any CPU.ActiveCfg = Debug|Any CPU
		{F697633F-593D-4594-A871-F1F045D2D1F8}.Debug|Any CPU.Build.0 = Debug|Any CPU
		{F697633F-593D-4594-A871-F1F045D2D1F8}.Release|Any CPU.ActiveCfg = Release|Any CPU
		{F697633F-593D-4594-A871-F1F045D2D1F8}.Release|Any CPU.Build.0 = Release|Any CPU
		{5982FAC1-CF75-466A-9ED4-3724119254F5}.Debug|Any CPU.ActiveCfg = Debug|Any CPU
		{5982FAC1-CF75-466A-9ED4-3724119254F5}.Debug|Any CPU.Build.0 = Debug|Any CPU
		{5982FAC1-CF75-466A-9ED4-3724119254F5}.Release|Any CPU.ActiveCfg = Release|Any CPU
		{5982FAC1-CF75-466A-9ED4-3724119254F5}.Release|Any CPU.Build.0 = Release|Any CPU
		{BE77325B-399D-46A4-8E7E-F76063066E36}.Debug|Any CPU.ActiveCfg = Debug|Any CPU
		{BE77325B-399D-46A4-8E7E-F76063066E36}.Debug|Any CPU.Build.0 = Debug|Any CPU
		{BE77325B-399D-46A4-8E7E-F76063066E36}.Release|Any CPU.ActiveCfg = Release|Any CPU
		{BE77325B-399D-46A4-8E7E-F76063066E36}.Release|Any CPU.Build.0 = Release|Any CPU
		{F17E998D-3642-4E3D-9D44-587ABCF869B7}.Debug|Any CPU.ActiveCfg = Debug|Any CPU
		{F17E998D-3642-4E3D-9D44-587ABCF869B7}.Debug|Any CPU.Build.0 = Debug|Any CPU
		{F17E998D-3642-4E3D-9D44-587ABCF869B7}.Release|Any CPU.ActiveCfg = Release|Any CPU
		{F17E998D-3642-4E3D-9D44-587ABCF869B7}.Release|Any CPU.Build.0 = Release|Any CPU
		{818D172F-EB99-48DE-A50C-BEEDEED0EA48}.Debug|Any CPU.ActiveCfg = Debug|Any CPU
		{818D172F-EB99-48DE-A50C-BEEDEED0EA48}.Debug|Any CPU.Build.0 = Debug|Any CPU
		{818D172F-EB99-48DE-A50C-BEEDEED0EA48}.Release|Any CPU.ActiveCfg = Release|Any CPU
		{818D172F-EB99-48DE-A50C-BEEDEED0EA48}.Release|Any CPU.Build.0 = Release|Any CPU
		{E145B4D3-3EF7-4BF0-ADAA-80A9E027D203}.Debug|Any CPU.ActiveCfg = Debug|Any CPU
		{E145B4D3-3EF7-4BF0-ADAA-80A9E027D203}.Debug|Any CPU.Build.0 = Debug|Any CPU
		{E145B4D3-3EF7-4BF0-ADAA-80A9E027D203}.Release|Any CPU.ActiveCfg = Release|Any CPU
		{E145B4D3-3EF7-4BF0-ADAA-80A9E027D203}.Release|Any CPU.Build.0 = Release|Any CPU
		{E5DEF5A3-42F0-49CB-92BA-EB8DA4DB8805}.Debug|Any CPU.ActiveCfg = Debug|Any CPU
		{E5DEF5A3-42F0-49CB-92BA-EB8DA4DB8805}.Debug|Any CPU.Build.0 = Debug|Any CPU
		{E5DEF5A3-42F0-49CB-92BA-EB8DA4DB8805}.Release|Any CPU.ActiveCfg = Release|Any CPU
		{E5DEF5A3-42F0-49CB-92BA-EB8DA4DB8805}.Release|Any CPU.Build.0 = Release|Any CPU
		{E7DD862B-D11C-44C7-AF79-AD1A0F585749}.Debug|Any CPU.ActiveCfg = Debug|Any CPU
		{E7DD862B-D11C-44C7-AF79-AD1A0F585749}.Debug|Any CPU.Build.0 = Debug|Any CPU
		{E7DD862B-D11C-44C7-AF79-AD1A0F585749}.Release|Any CPU.ActiveCfg = Release|Any CPU
		{E7DD862B-D11C-44C7-AF79-AD1A0F585749}.Release|Any CPU.Build.0 = Release|Any CPU
		{29DD68D9-1866-4B75-9746-4078B4048E23}.Debug|Any CPU.ActiveCfg = Debug|Any CPU
		{29DD68D9-1866-4B75-9746-4078B4048E23}.Debug|Any CPU.Build.0 = Debug|Any CPU
		{29DD68D9-1866-4B75-9746-4078B4048E23}.Release|Any CPU.ActiveCfg = Release|Any CPU
		{29DD68D9-1866-4B75-9746-4078B4048E23}.Release|Any CPU.Build.0 = Release|Any CPU
		{44617F37-2601-4B6A-9562-8921796E6754}.Debug|Any CPU.ActiveCfg = Debug|Any CPU
		{44617F37-2601-4B6A-9562-8921796E6754}.Debug|Any CPU.Build.0 = Debug|Any CPU
		{44617F37-2601-4B6A-9562-8921796E6754}.Release|Any CPU.ActiveCfg = Release|Any CPU
		{44617F37-2601-4B6A-9562-8921796E6754}.Release|Any CPU.Build.0 = Release|Any CPU
		{D395D7D9-5AF8-4D07-8796-C74DDD73EED6}.Debug|Any CPU.ActiveCfg = Debug|Any CPU
		{D395D7D9-5AF8-4D07-8796-C74DDD73EED6}.Debug|Any CPU.Build.0 = Debug|Any CPU
		{D395D7D9-5AF8-4D07-8796-C74DDD73EED6}.Release|Any CPU.ActiveCfg = Release|Any CPU
		{D395D7D9-5AF8-4D07-8796-C74DDD73EED6}.Release|Any CPU.Build.0 = Release|Any CPU
		{8A8820C5-C8FB-45E1-81C7-564B0C6BDA0D}.Debug|Any CPU.ActiveCfg = Debug|Any CPU
		{8A8820C5-C8FB-45E1-81C7-564B0C6BDA0D}.Debug|Any CPU.Build.0 = Debug|Any CPU
		{8A8820C5-C8FB-45E1-81C7-564B0C6BDA0D}.Release|Any CPU.ActiveCfg = Release|Any CPU
		{8A8820C5-C8FB-45E1-81C7-564B0C6BDA0D}.Release|Any CPU.Build.0 = Release|Any CPU
		{25722106-E43C-4CDA-B33A-D2311C1BE1CD}.Debug|Any CPU.ActiveCfg = Debug|Any CPU
		{25722106-E43C-4CDA-B33A-D2311C1BE1CD}.Debug|Any CPU.Build.0 = Debug|Any CPU
		{25722106-E43C-4CDA-B33A-D2311C1BE1CD}.Release|Any CPU.ActiveCfg = Release|Any CPU
		{25722106-E43C-4CDA-B33A-D2311C1BE1CD}.Release|Any CPU.Build.0 = Release|Any CPU
		{383CC65C-01B3-40D3-AF19-463C5CB2E009}.Debug|Any CPU.ActiveCfg = Debug|Any CPU
		{383CC65C-01B3-40D3-AF19-463C5CB2E009}.Debug|Any CPU.Build.0 = Debug|Any CPU
		{383CC65C-01B3-40D3-AF19-463C5CB2E009}.Release|Any CPU.ActiveCfg = Release|Any CPU
		{383CC65C-01B3-40D3-AF19-463C5CB2E009}.Release|Any CPU.Build.0 = Release|Any CPU
		{BB11045E-98A3-4D00-898E-7138993798ED}.Debug|Any CPU.ActiveCfg = Debug|Any CPU
		{BB11045E-98A3-4D00-898E-7138993798ED}.Debug|Any CPU.Build.0 = Debug|Any CPU
		{BB11045E-98A3-4D00-898E-7138993798ED}.Release|Any CPU.ActiveCfg = Release|Any CPU
		{BB11045E-98A3-4D00-898E-7138993798ED}.Release|Any CPU.Build.0 = Release|Any CPU
		{0A4277EF-E7FA-49C1-A1FD-A3AF845D8DF8}.Debug|Any CPU.ActiveCfg = Debug|Any CPU
		{0A4277EF-E7FA-49C1-A1FD-A3AF845D8DF8}.Debug|Any CPU.Build.0 = Debug|Any CPU
		{0A4277EF-E7FA-49C1-A1FD-A3AF845D8DF8}.Release|Any CPU.ActiveCfg = Release|Any CPU
		{0A4277EF-E7FA-49C1-A1FD-A3AF845D8DF8}.Release|Any CPU.Build.0 = Release|Any CPU
		{90E76B6E-55C8-4597-8641-4A318BF58788}.Debug|Any CPU.ActiveCfg = Debug|Any CPU
		{90E76B6E-55C8-4597-8641-4A318BF58788}.Debug|Any CPU.Build.0 = Debug|Any CPU
		{90E76B6E-55C8-4597-8641-4A318BF58788}.Release|Any CPU.ActiveCfg = Release|Any CPU
		{90E76B6E-55C8-4597-8641-4A318BF58788}.Release|Any CPU.Build.0 = Release|Any CPU
		{0836514A-164B-451E-B709-F922B6C95F08}.Debug|Any CPU.ActiveCfg = Debug|Any CPU
		{0836514A-164B-451E-B709-F922B6C95F08}.Debug|Any CPU.Build.0 = Debug|Any CPU
		{0836514A-164B-451E-B709-F922B6C95F08}.Release|Any CPU.ActiveCfg = Release|Any CPU
		{0836514A-164B-451E-B709-F922B6C95F08}.Release|Any CPU.Build.0 = Release|Any CPU
		{E89A6AEF-B078-4ACA-A060-23A1A85FD01D}.Debug|Any CPU.ActiveCfg = Debug|Any CPU
		{E89A6AEF-B078-4ACA-A060-23A1A85FD01D}.Debug|Any CPU.Build.0 = Debug|Any CPU
		{E89A6AEF-B078-4ACA-A060-23A1A85FD01D}.Release|Any CPU.ActiveCfg = Release|Any CPU
		{E89A6AEF-B078-4ACA-A060-23A1A85FD01D}.Release|Any CPU.Build.0 = Release|Any CPU
		{46799E43-D655-403C-8B76-BEDE0EB021DC}.Debug|Any CPU.ActiveCfg = Debug|Any CPU
		{46799E43-D655-403C-8B76-BEDE0EB021DC}.Debug|Any CPU.Build.0 = Debug|Any CPU
		{46799E43-D655-403C-8B76-BEDE0EB021DC}.Release|Any CPU.ActiveCfg = Release|Any CPU
		{46799E43-D655-403C-8B76-BEDE0EB021DC}.Release|Any CPU.Build.0 = Release|Any CPU
		{2D2CFE7B-8932-4B6B-94B1-27BA57E38848}.Debug|Any CPU.ActiveCfg = Debug|Any CPU
		{2D2CFE7B-8932-4B6B-94B1-27BA57E38848}.Debug|Any CPU.Build.0 = Debug|Any CPU
		{2D2CFE7B-8932-4B6B-94B1-27BA57E38848}.Release|Any CPU.ActiveCfg = Release|Any CPU
		{2D2CFE7B-8932-4B6B-94B1-27BA57E38848}.Release|Any CPU.Build.0 = Release|Any CPU
		{C80448CC-97BA-4D83-9335-14A469BF6CB4}.Debug|Any CPU.ActiveCfg = Debug|Any CPU
		{C80448CC-97BA-4D83-9335-14A469BF6CB4}.Debug|Any CPU.Build.0 = Debug|Any CPU
		{C80448CC-97BA-4D83-9335-14A469BF6CB4}.Release|Any CPU.ActiveCfg = Release|Any CPU
		{C80448CC-97BA-4D83-9335-14A469BF6CB4}.Release|Any CPU.Build.0 = Release|Any CPU
		{E9327A91-A287-410A-A2CA-BB2A4C005F6F}.Debug|Any CPU.ActiveCfg = Debug|Any CPU
		{E9327A91-A287-410A-A2CA-BB2A4C005F6F}.Debug|Any CPU.Build.0 = Debug|Any CPU
		{E9327A91-A287-410A-A2CA-BB2A4C005F6F}.Release|Any CPU.ActiveCfg = Release|Any CPU
		{E9327A91-A287-410A-A2CA-BB2A4C005F6F}.Release|Any CPU.Build.0 = Release|Any CPU
		{1804302F-5356-4BBB-A73A-690A47DAF995}.Debug|Any CPU.ActiveCfg = Debug|Any CPU
		{1804302F-5356-4BBB-A73A-690A47DAF995}.Debug|Any CPU.Build.0 = Debug|Any CPU
		{1804302F-5356-4BBB-A73A-690A47DAF995}.Release|Any CPU.ActiveCfg = Release|Any CPU
		{1804302F-5356-4BBB-A73A-690A47DAF995}.Release|Any CPU.Build.0 = Release|Any CPU
		{6CA28E18-4541-41FF-A2F8-A64FAACE4A22}.Debug|Any CPU.ActiveCfg = Debug|Any CPU
		{6CA28E18-4541-41FF-A2F8-A64FAACE4A22}.Debug|Any CPU.Build.0 = Debug|Any CPU
		{6CA28E18-4541-41FF-A2F8-A64FAACE4A22}.Release|Any CPU.ActiveCfg = Release|Any CPU
		{6CA28E18-4541-41FF-A2F8-A64FAACE4A22}.Release|Any CPU.Build.0 = Release|Any CPU
		{AE30D386-1699-4052-B992-456B7645B375}.Debug|Any CPU.ActiveCfg = Debug|Any CPU
		{AE30D386-1699-4052-B992-456B7645B375}.Debug|Any CPU.Build.0 = Debug|Any CPU
		{AE30D386-1699-4052-B992-456B7645B375}.Release|Any CPU.ActiveCfg = Release|Any CPU
		{AE30D386-1699-4052-B992-456B7645B375}.Release|Any CPU.Build.0 = Release|Any CPU
		{3B4EE944-3CDF-495C-8649-E89970D69FA1}.Debug|Any CPU.ActiveCfg = Debug|Any CPU
		{3B4EE944-3CDF-495C-8649-E89970D69FA1}.Debug|Any CPU.Build.0 = Debug|Any CPU
		{3B4EE944-3CDF-495C-8649-E89970D69FA1}.Release|Any CPU.ActiveCfg = Release|Any CPU
		{3B4EE944-3CDF-495C-8649-E89970D69FA1}.Release|Any CPU.Build.0 = Release|Any CPU
		{5A180E7A-D62D-4436-A532-BA5940B9EFED}.Debug|Any CPU.ActiveCfg = Debug|Any CPU
		{5A180E7A-D62D-4436-A532-BA5940B9EFED}.Debug|Any CPU.Build.0 = Debug|Any CPU
		{5A180E7A-D62D-4436-A532-BA5940B9EFED}.Release|Any CPU.ActiveCfg = Release|Any CPU
		{5A180E7A-D62D-4436-A532-BA5940B9EFED}.Release|Any CPU.Build.0 = Release|Any CPU
		{7AF9B323-F822-46C7-87E9-7F185768B88D}.Debug|Any CPU.ActiveCfg = Debug|Any CPU
		{7AF9B323-F822-46C7-87E9-7F185768B88D}.Debug|Any CPU.Build.0 = Debug|Any CPU
		{7AF9B323-F822-46C7-87E9-7F185768B88D}.Release|Any CPU.ActiveCfg = Release|Any CPU
		{7AF9B323-F822-46C7-87E9-7F185768B88D}.Release|Any CPU.Build.0 = Release|Any CPU
		{34DF36DE-C424-4E74-A6C3-6A4362183002}.Debug|Any CPU.ActiveCfg = Debug|Any CPU
		{34DF36DE-C424-4E74-A6C3-6A4362183002}.Debug|Any CPU.Build.0 = Debug|Any CPU
		{34DF36DE-C424-4E74-A6C3-6A4362183002}.Release|Any CPU.ActiveCfg = Release|Any CPU
		{34DF36DE-C424-4E74-A6C3-6A4362183002}.Release|Any CPU.Build.0 = Release|Any CPU
		{8316E442-41CA-4FAD-AACF-D500C87F2A34}.Debug|Any CPU.ActiveCfg = Debug|Any CPU
		{8316E442-41CA-4FAD-AACF-D500C87F2A34}.Debug|Any CPU.Build.0 = Debug|Any CPU
		{8316E442-41CA-4FAD-AACF-D500C87F2A34}.Release|Any CPU.ActiveCfg = Release|Any CPU
		{8316E442-41CA-4FAD-AACF-D500C87F2A34}.Release|Any CPU.Build.0 = Release|Any CPU
		{7A19B109-EF04-4960-9955-0D0FFEA18F7C}.Debug|Any CPU.ActiveCfg = Debug|Any CPU
		{7A19B109-EF04-4960-9955-0D0FFEA18F7C}.Debug|Any CPU.Build.0 = Debug|Any CPU
		{7A19B109-EF04-4960-9955-0D0FFEA18F7C}.Release|Any CPU.ActiveCfg = Release|Any CPU
		{7A19B109-EF04-4960-9955-0D0FFEA18F7C}.Release|Any CPU.Build.0 = Release|Any CPU
		{7149A310-1428-4C15-8F46-E4AE405E5D93}.Debug|Any CPU.ActiveCfg = Debug|Any CPU
		{7149A310-1428-4C15-8F46-E4AE405E5D93}.Debug|Any CPU.Build.0 = Debug|Any CPU
		{7149A310-1428-4C15-8F46-E4AE405E5D93}.Release|Any CPU.ActiveCfg = Release|Any CPU
		{7149A310-1428-4C15-8F46-E4AE405E5D93}.Release|Any CPU.Build.0 = Release|Any CPU
	EndGlobalSection
	GlobalSection(SolutionProperties) = preSolution
		HideSolutionNode = FALSE
	EndGlobalSection
	GlobalSection(ExtensibilityGlobals) = postSolution
		SolutionGuid = {B187EBF0-902C-4145-979D-59B1C77380EF}
	EndGlobalSection
EndGlobal
